
Microsoft Visual Studio Solution File, Format Version 12.00
# Visual Studio 15
VisualStudioVersion = 15.0.27428.2037
MinimumVisualStudioVersion = 10.0.40219.1
Project("{FAE04EC0-301F-11D3-BF4B-00C04F79EFBC}") = "CsPlayer", "CsPlayer\CsPlayer.csproj", "{8F740C4E-BA6F-4C0F-9CEC-1336F2EACAE8}"
EndProject
Project("{FAE04EC0-301F-11D3-BF4B-00C04F79EFBC}") = "CsPlayer.Regions", "CsPlayer.Regions\CsPlayer.Regions.csproj", "{28928A72-EC5E-42A7-B92A-061C274AEBAF}"
EndProject
Project("{FAE04EC0-301F-11D3-BF4B-00C04F79EFBC}") = "CsPlayer.SongModule", "CsPlayer.SongModule\CsPlayer.SongModule.csproj", "{07A9D639-DDF0-47BE-BAAA-02544D47D27B}"
EndProject
Project("{FAE04EC0-301F-11D3-BF4B-00C04F79EFBC}") = "CsPlayer.Shared", "CsPlayer.Shared\CsPlayer.Shared.csproj", "{69FEA1FE-C9F6-4200-B1B4-60A331860448}"
EndProject
Global
	GlobalSection(SolutionConfigurationPlatforms) = preSolution
		Debug|Any CPU = Debug|Any CPU
		Release|Any CPU = Release|Any CPU
	EndGlobalSection
	GlobalSection(ProjectConfigurationPlatforms) = postSolution
		{8F740C4E-BA6F-4C0F-9CEC-1336F2EACAE8}.Debug|Any CPU.ActiveCfg = Debug|Any CPU
		{8F740C4E-BA6F-4C0F-9CEC-1336F2EACAE8}.Debug|Any CPU.Build.0 = Debug|Any CPU
		{8F740C4E-BA6F-4C0F-9CEC-1336F2EACAE8}.Release|Any CPU.ActiveCfg = Release|Any CPU
		{8F740C4E-BA6F-4C0F-9CEC-1336F2EACAE8}.Release|Any CPU.Build.0 = Release|Any CPU
		{28928A72-EC5E-42A7-B92A-061C274AEBAF}.Debug|Any CPU.ActiveCfg = Debug|Any CPU
		{28928A72-EC5E-42A7-B92A-061C274AEBAF}.Debug|Any CPU.Build.0 = Debug|Any CPU
		{28928A72-EC5E-42A7-B92A-061C274AEBAF}.Release|Any CPU.ActiveCfg = Release|Any CPU
		{28928A72-EC5E-42A7-B92A-061C274AEBAF}.Release|Any CPU.Build.0 = Release|Any CPU
		{07A9D639-DDF0-47BE-BAAA-02544D47D27B}.Debug|Any CPU.ActiveCfg = Debug|Any CPU
		{07A9D639-DDF0-47BE-BAAA-02544D47D27B}.Debug|Any CPU.Build.0 = Debug|Any CPU
		{07A9D639-DDF0-47BE-BAAA-02544D47D27B}.Release|Any CPU.ActiveCfg = Release|Any CPU
		{07A9D639-DDF0-47BE-BAAA-02544D47D27B}.Release|Any CPU.Build.0 = Release|Any CPU
		{69FEA1FE-C9F6-4200-B1B4-60A331860448}.Debug|Any CPU.ActiveCfg = Debug|Any CPU
		{69FEA1FE-C9F6-4200-B1B4-60A331860448}.Debug|Any CPU.Build.0 = Debug|Any CPU
		{69FEA1FE-C9F6-4200-B1B4-60A331860448}.Release|Any CPU.ActiveCfg = Release|Any CPU
		{69FEA1FE-C9F6-4200-B1B4-60A331860448}.Release|Any CPU.Build.0 = Release|Any CPU
	EndGlobalSection
	GlobalSection(SolutionProperties) = preSolution
		HideSolutionNode = FALSE
	EndGlobalSection
	GlobalSection(ExtensibilityGlobals) = postSolution
		SolutionGuid = {20EDB968-F131-4589-B222-F70828848E66}
	EndGlobalSection
EndGlobal
